
Microsoft Visual Studio Solution File, Format Version 12.00
# Visual Studio Version 17
VisualStudioVersion = 17.0.32112.339
MinimumVisualStudioVersion = 10.0.40219.1
Project("{FAE04EC0-301F-11D3-BF4B-00C04F79EFBC}") = "VideoEditorUi", "VideoEditorUi\VideoEditorUi.csproj", "{1C4D3A71-B899-44B9-8F6B-0DD848D46411}"
	ProjectSection(ProjectDependencies) = postProject
		{96A8755D-750E-40F7-9677-EB5AFEF558B0} = {96A8755D-750E-40F7-9677-EB5AFEF558B0}
	EndProjectSection
EndProject
Project("{FAE04EC0-301F-11D3-BF4B-00C04F79EFBC}") = "VideoUtilities", "VideoUtilities\VideoUtilities.csproj", "{96A8755D-750E-40F7-9677-EB5AFEF558B0}"
EndProject
Project("{FAE04EC0-301F-11D3-BF4B-00C04F79EFBC}") = "WPFVideoPlayer", "WPFVideoPlayer\WPFVideoPlayer.csproj", "{A0C263AF-CD2D-4A37-9918-41BC4A1CA297}"
EndProject
Project("{9A19103F-16F7-4668-BE54-9A1E7A4F7556}") = "VideoEditorTests", "VideoEditorTests\VideoEditorTests.csproj", "{5859F923-19F0-4D12-9EE1-152E4D59E83B}"
EndProject
Global
	GlobalSection(SolutionConfigurationPlatforms) = preSolution
		All|Any CPU = All|Any CPU
		All|x86 = All|x86
		Debug|Any CPU = Debug|Any CPU
		Debug|x86 = Debug|x86
		Release|Any CPU = Release|Any CPU
		Release|x86 = Release|x86
	EndGlobalSection
	GlobalSection(ProjectConfigurationPlatforms) = postSolution
		{1C4D3A71-B899-44B9-8F6B-0DD848D46411}.All|Any CPU.ActiveCfg = Release|Any CPU
		{1C4D3A71-B899-44B9-8F6B-0DD848D46411}.All|Any CPU.Build.0 = Release|Any CPU
		{1C4D3A71-B899-44B9-8F6B-0DD848D46411}.All|x86.ActiveCfg = Release|Any CPU
		{1C4D3A71-B899-44B9-8F6B-0DD848D46411}.All|x86.Build.0 = Release|Any CPU
		{1C4D3A71-B899-44B9-8F6B-0DD848D46411}.Debug|Any CPU.ActiveCfg = Debug|Any CPU
		{1C4D3A71-B899-44B9-8F6B-0DD848D46411}.Debug|Any CPU.Build.0 = Debug|Any CPU
		{1C4D3A71-B899-44B9-8F6B-0DD848D46411}.Debug|x86.ActiveCfg = Debug|Any CPU
		{1C4D3A71-B899-44B9-8F6B-0DD848D46411}.Debug|x86.Build.0 = Debug|Any CPU
		{1C4D3A71-B899-44B9-8F6B-0DD848D46411}.Release|Any CPU.ActiveCfg = Release|Any CPU
		{1C4D3A71-B899-44B9-8F6B-0DD848D46411}.Release|Any CPU.Build.0 = Release|Any CPU
		{1C4D3A71-B899-44B9-8F6B-0DD848D46411}.Release|x86.ActiveCfg = Release|Any CPU
		{1C4D3A71-B899-44B9-8F6B-0DD848D46411}.Release|x86.Build.0 = Release|Any CPU
		{96A8755D-750E-40F7-9677-EB5AFEF558B0}.All|Any CPU.ActiveCfg = Release|Any CPU
		{96A8755D-750E-40F7-9677-EB5AFEF558B0}.All|Any CPU.Build.0 = Release|Any CPU
		{96A8755D-750E-40F7-9677-EB5AFEF558B0}.All|x86.ActiveCfg = Release|Any CPU
		{96A8755D-750E-40F7-9677-EB5AFEF558B0}.All|x86.Build.0 = Release|Any CPU
		{96A8755D-750E-40F7-9677-EB5AFEF558B0}.Debug|Any CPU.ActiveCfg = Debug|Any CPU
		{96A8755D-750E-40F7-9677-EB5AFEF558B0}.Debug|Any CPU.Build.0 = Debug|Any CPU
		{96A8755D-750E-40F7-9677-EB5AFEF558B0}.Debug|x86.ActiveCfg = Debug|Any CPU
		{96A8755D-750E-40F7-9677-EB5AFEF558B0}.Debug|x86.Build.0 = Debug|Any CPU
		{96A8755D-750E-40F7-9677-EB5AFEF558B0}.Release|Any CPU.ActiveCfg = Release|Any CPU
		{96A8755D-750E-40F7-9677-EB5AFEF558B0}.Release|Any CPU.Build.0 = Release|Any CPU
		{96A8755D-750E-40F7-9677-EB5AFEF558B0}.Release|x86.ActiveCfg = Release|Any CPU
		{96A8755D-750E-40F7-9677-EB5AFEF558B0}.Release|x86.Build.0 = Release|Any CPU
		{A0C263AF-CD2D-4A37-9918-41BC4A1CA297}.All|Any CPU.ActiveCfg = Debug|Any CPU
		{A0C263AF-CD2D-4A37-9918-41BC4A1CA297}.All|Any CPU.Build.0 = Debug|Any CPU
		{A0C263AF-CD2D-4A37-9918-41BC4A1CA297}.All|x86.ActiveCfg = Debug|Any CPU
		{A0C263AF-CD2D-4A37-9918-41BC4A1CA297}.All|x86.Build.0 = Debug|Any CPU
		{A0C263AF-CD2D-4A37-9918-41BC4A1CA297}.Debug|Any CPU.ActiveCfg = Debug|Any CPU
		{A0C263AF-CD2D-4A37-9918-41BC4A1CA297}.Debug|Any CPU.Build.0 = Debug|Any CPU
		{A0C263AF-CD2D-4A37-9918-41BC4A1CA297}.Debug|x86.ActiveCfg = Debug|Any CPU
		{A0C263AF-CD2D-4A37-9918-41BC4A1CA297}.Debug|x86.Build.0 = Debug|Any CPU
		{A0C263AF-CD2D-4A37-9918-41BC4A1CA297}.Release|Any CPU.ActiveCfg = Release|Any CPU
		{A0C263AF-CD2D-4A37-9918-41BC4A1CA297}.Release|Any CPU.Build.0 = Release|Any CPU
		{A0C263AF-CD2D-4A37-9918-41BC4A1CA297}.Release|x86.ActiveCfg = Release|Any CPU
		{A0C263AF-CD2D-4A37-9918-41BC4A1CA297}.Release|x86.Build.0 = Release|Any CPU
		{5859F923-19F0-4D12-9EE1-152E4D59E83B}.All|Any CPU.ActiveCfg = Debug|Any CPU
		{5859F923-19F0-4D12-9EE1-152E4D59E83B}.All|Any CPU.Build.0 = Debug|Any CPU
		{5859F923-19F0-4D12-9EE1-152E4D59E83B}.All|x86.ActiveCfg = Debug|Any CPU
		{5859F923-19F0-4D12-9EE1-152E4D59E83B}.All|x86.Build.0 = Debug|Any CPU
		{5859F923-19F0-4D12-9EE1-152E4D59E83B}.Debug|Any CPU.ActiveCfg = Debug|Any CPU
		{5859F923-19F0-4D12-9EE1-152E4D59E83B}.Debug|Any CPU.Build.0 = Debug|Any CPU
		{5859F923-19F0-4D12-9EE1-152E4D59E83B}.Debug|x86.ActiveCfg = Debug|Any CPU
		{5859F923-19F0-4D12-9EE1-152E4D59E83B}.Debug|x86.Build.0 = Debug|Any CPU
		{5859F923-19F0-4D12-9EE1-152E4D59E83B}.Release|Any CPU.ActiveCfg = Release|Any CPU
		{5859F923-19F0-4D12-9EE1-152E4D59E83B}.Release|Any CPU.Build.0 = Release|Any CPU
		{5859F923-19F0-4D12-9EE1-152E4D59E83B}.Release|x86.ActiveCfg = Release|Any CPU
		{5859F923-19F0-4D12-9EE1-152E4D59E83B}.Release|x86.Build.0 = Release|Any CPU
	EndGlobalSection
	GlobalSection(SolutionProperties) = preSolution
		HideSolutionNode = FALSE
	EndGlobalSection
	GlobalSection(ExtensibilityGlobals) = postSolution
		SolutionGuid = {0D2276B4-DE8F-47A3-A02C-84228C4C5970}
	EndGlobalSection
EndGlobal
